// !$*UTF8*$!
{
	archiveVersion = 1;
	classes = {
	};
	objectVersion = 50;
	objects = {

/* Begin PBXBuildFile section */
		33A5AEFD255EEC4C00AEAF87 /* AppDelegate.swift in Sources */ = {isa = PBXBuildFile; fileRef = 33A5AEFC255EEC4C00AEAF87 /* AppDelegate.swift */; };
		33A5AEFF255EEC4C00AEAF87 /* SceneDelegate.swift in Sources */ = {isa = PBXBuildFile; fileRef = 33A5AEFE255EEC4C00AEAF87 /* SceneDelegate.swift */; };
		33A5AF01255EEC4C00AEAF87 /* ViewController.swift in Sources */ = {isa = PBXBuildFile; fileRef = 33A5AF00255EEC4C00AEAF87 /* ViewController.swift */; };
		33A5AF04255EEC4C00AEAF87 /* Main.storyboard in Resources */ = {isa = PBXBuildFile; fileRef = 33A5AF02255EEC4C00AEAF87 /* Main.storyboard */; };
		33A5AF06255EEC4C00AEAF87 /* Assets.xcassets in Resources */ = {isa = PBXBuildFile; fileRef = 33A5AF05255EEC4C00AEAF87 /* Assets.xcassets */; };
		33A5AF09255EEC4C00AEAF87 /* LaunchScreen.storyboard in Resources */ = {isa = PBXBuildFile; fileRef = 33A5AF07255EEC4C00AEAF87 /* LaunchScreen.storyboard */; };
		33A5AF14255EEC4D00AEAF87 /* GXCategoriesSampleTests.swift in Sources */ = {isa = PBXBuildFile; fileRef = 33A5AF13255EEC4D00AEAF87 /* GXCategoriesSampleTests.swift */; };
		33A5AF1F255EEC4D00AEAF87 /* GXCategoriesSampleUITests.swift in Sources */ = {isa = PBXBuildFile; fileRef = 33A5AF1E255EEC4D00AEAF87 /* GXCategoriesSampleUITests.swift */; };
		33A5AF40255EEC5C00AEAF87 /* Array+GXAdd.swift in Sources */ = {isa = PBXBuildFile; fileRef = 33A5AF30255EEC5C00AEAF87 /* Array+GXAdd.swift */; };
		33A5AF41255EEC5C00AEAF87 /* UIViewController+GXAdd.swift in Sources */ = {isa = PBXBuildFile; fileRef = 33A5AF31255EEC5C00AEAF87 /* UIViewController+GXAdd.swift */; };
		33A5AF42255EEC5C00AEAF87 /* UIImage+GXAdd.swift in Sources */ = {isa = PBXBuildFile; fileRef = 33A5AF32255EEC5C00AEAF87 /* UIImage+GXAdd.swift */; };
		33A5AF43255EEC5C00AEAF87 /* UITableView+GXAdd.swift in Sources */ = {isa = PBXBuildFile; fileRef = 33A5AF33255EEC5C00AEAF87 /* UITableView+GXAdd.swift */; };
		33A5AF44255EEC5C00AEAF87 /* Dictionry+GXAdd.swift in Sources */ = {isa = PBXBuildFile; fileRef = 33A5AF34255EEC5C00AEAF87 /* Dictionry+GXAdd.swift */; };
		33A5AF45255EEC5C00AEAF87 /* String+GXAdd.swift in Sources */ = {isa = PBXBuildFile; fileRef = 33A5AF35255EEC5C00AEAF87 /* String+GXAdd.swift */; };
		33A5AF46255EEC5C00AEAF87 /* Date+GXAdd.swift in Sources */ = {isa = PBXBuildFile; fileRef = 33A5AF36255EEC5C00AEAF87 /* Date+GXAdd.swift */; };
		33A5AF47255EEC5C00AEAF87 /* UIApplication+GXAdd.swift in Sources */ = {isa = PBXBuildFile; fileRef = 33A5AF37255EEC5C00AEAF87 /* UIApplication+GXAdd.swift */; };
		33A5AF48255EEC5C00AEAF87 /* UIDevice+GXAdd.swift in Sources */ = {isa = PBXBuildFile; fileRef = 33A5AF38255EEC5C00AEAF87 /* UIDevice+GXAdd.swift */; };
		33A5AF49255EEC5C00AEAF87 /* UIButton+GXAdd.swift in Sources */ = {isa = PBXBuildFile; fileRef = 33A5AF39255EEC5C00AEAF87 /* UIButton+GXAdd.swift */; };
		33A5AF4A255EEC5C00AEAF87 /* UIView+GXAdd.swift in Sources */ = {isa = PBXBuildFile; fileRef = 33A5AF3A255EEC5C00AEAF87 /* UIView+GXAdd.swift */; };
		33A5AF4B255EEC5C00AEAF87 /* CALayer+GXAdd.swift in Sources */ = {isa = PBXBuildFile; fileRef = 33A5AF3B255EEC5C00AEAF87 /* CALayer+GXAdd.swift */; };
		33A5AF4C255EEC5C00AEAF87 /* NSObject+GXAdd.swift in Sources */ = {isa = PBXBuildFile; fileRef = 33A5AF3C255EEC5C00AEAF87 /* NSObject+GXAdd.swift */; };
		33A5AF4D255EEC5C00AEAF87 /* UIScrollView+GXAdd.swift in Sources */ = {isa = PBXBuildFile; fileRef = 33A5AF3D255EEC5C00AEAF87 /* UIScrollView+GXAdd.swift */; };
		33A5AF4E255EEC5C00AEAF87 /* Data+GXAdd.swift in Sources */ = {isa = PBXBuildFile; fileRef = 33A5AF3E255EEC5C00AEAF87 /* Data+GXAdd.swift */; };
		33A5AF4F255EEC5C00AEAF87 /* UIColor+GXAdd.swift in Sources */ = {isa = PBXBuildFile; fileRef = 33A5AF3F255EEC5C00AEAF87 /* UIColor+GXAdd.swift */; };
		9673BB3C27FFC7E700133372 /* Bundle+GXAdd.swift in Sources */ = {isa = PBXBuildFile; fileRef = 9673BB3B27FFC7E700133372 /* Bundle+GXAdd.swift */; };
		9673BB3E27FFC84400133372 /* DispatchQueue+GXAdd.swift in Sources */ = {isa = PBXBuildFile; fileRef = 9673BB3D27FFC84400133372 /* DispatchQueue+GXAdd.swift */; };
		9673BB4127FFDC9200133372 /* Localizable.strings in Resources */ = {isa = PBXBuildFile; fileRef = 9673BB4327FFDC9200133372 /* Localizable.strings */; };
/* End PBXBuildFile section */

/* Begin PBXContainerItemProxy section */
		33A5AF10255EEC4D00AEAF87 /* PBXContainerItemProxy */ = {
			isa = PBXContainerItemProxy;
			containerPortal = 33A5AEF1255EEC4C00AEAF87 /* Project object */;
			proxyType = 1;
			remoteGlobalIDString = 33A5AEF8255EEC4C00AEAF87;
			remoteInfo = GXCategoriesSample;
		};
		33A5AF1B255EEC4D00AEAF87 /* PBXContainerItemProxy */ = {
			isa = PBXContainerItemProxy;
			containerPortal = 33A5AEF1255EEC4C00AEAF87 /* Project object */;
			proxyType = 1;
			remoteGlobalIDString = 33A5AEF8255EEC4C00AEAF87;
			remoteInfo = GXCategoriesSample;
		};
/* End PBXContainerItemProxy section */

/* Begin PBXFileReference section */
		33A5AEF9255EEC4C00AEAF87 /* GXCategoriesSample.app */ = {isa = PBXFileReference; explicitFileType = wrapper.application; includeInIndex = 0; path = GXCategoriesSample.app; sourceTree = BUILT_PRODUCTS_DIR; };
		33A5AEFC255EEC4C00AEAF87 /* AppDelegate.swift */ = {isa = PBXFileReference; lastKnownFileType = sourcecode.swift; path = AppDelegate.swift; sourceTree = "<group>"; };
		33A5AEFE255EEC4C00AEAF87 /* SceneDelegate.swift */ = {isa = PBXFileReference; lastKnownFileType = sourcecode.swift; path = SceneDelegate.swift; sourceTree = "<group>"; };
		33A5AF00255EEC4C00AEAF87 /* ViewController.swift */ = {isa = PBXFileReference; lastKnownFileType = sourcecode.swift; path = ViewController.swift; sourceTree = "<group>"; };
		33A5AF03255EEC4C00AEAF87 /* Base */ = {isa = PBXFileReference; lastKnownFileType = file.storyboard; name = Base; path = Base.lproj/Main.storyboard; sourceTree = "<group>"; };
		33A5AF05255EEC4C00AEAF87 /* Assets.xcassets */ = {isa = PBXFileReference; lastKnownFileType = folder.assetcatalog; path = Assets.xcassets; sourceTree = "<group>"; };
		33A5AF08255EEC4C00AEAF87 /* Base */ = {isa = PBXFileReference; lastKnownFileType = file.storyboard; name = Base; path = Base.lproj/LaunchScreen.storyboard; sourceTree = "<group>"; };
		33A5AF0A255EEC4C00AEAF87 /* Info.plist */ = {isa = PBXFileReference; lastKnownFileType = text.plist.xml; path = Info.plist; sourceTree = "<group>"; };
		33A5AF0F255EEC4D00AEAF87 /* GXCategoriesSampleTests.xctest */ = {isa = PBXFileReference; explicitFileType = wrapper.cfbundle; includeInIndex = 0; path = GXCategoriesSampleTests.xctest; sourceTree = BUILT_PRODUCTS_DIR; };
		33A5AF13255EEC4D00AEAF87 /* GXCategoriesSampleTests.swift */ = {isa = PBXFileReference; lastKnownFileType = sourcecode.swift; path = GXCategoriesSampleTests.swift; sourceTree = "<group>"; };
		33A5AF15255EEC4D00AEAF87 /* Info.plist */ = {isa = PBXFileReference; lastKnownFileType = text.plist.xml; path = Info.plist; sourceTree = "<group>"; };
		33A5AF1A255EEC4D00AEAF87 /* GXCategoriesSampleUITests.xctest */ = {isa = PBXFileReference; explicitFileType = wrapper.cfbundle; includeInIndex = 0; path = GXCategoriesSampleUITests.xctest; sourceTree = BUILT_PRODUCTS_DIR; };
		33A5AF1E255EEC4D00AEAF87 /* GXCategoriesSampleUITests.swift */ = {isa = PBXFileReference; lastKnownFileType = sourcecode.swift; path = GXCategoriesSampleUITests.swift; sourceTree = "<group>"; };
		33A5AF20255EEC4D00AEAF87 /* Info.plist */ = {isa = PBXFileReference; lastKnownFileType = text.plist.xml; path = Info.plist; sourceTree = "<group>"; };
		33A5AF30255EEC5C00AEAF87 /* Array+GXAdd.swift */ = {isa = PBXFileReference; fileEncoding = 4; lastKnownFileType = sourcecode.swift; path = "Array+GXAdd.swift"; sourceTree = "<group>"; };
		33A5AF31255EEC5C00AEAF87 /* UIViewController+GXAdd.swift */ = {isa = PBXFileReference; fileEncoding = 4; lastKnownFileType = sourcecode.swift; path = "UIViewController+GXAdd.swift"; sourceTree = "<group>"; };
		33A5AF32255EEC5C00AEAF87 /* UIImage+GXAdd.swift */ = {isa = PBXFileReference; fileEncoding = 4; lastKnownFileType = sourcecode.swift; path = "UIImage+GXAdd.swift"; sourceTree = "<group>"; };
		33A5AF33255EEC5C00AEAF87 /* UITableView+GXAdd.swift */ = {isa = PBXFileReference; fileEncoding = 4; lastKnownFileType = sourcecode.swift; path = "UITableView+GXAdd.swift"; sourceTree = "<group>"; };
		33A5AF34255EEC5C00AEAF87 /* Dictionry+GXAdd.swift */ = {isa = PBXFileReference; fileEncoding = 4; lastKnownFileType = sourcecode.swift; path = "Dictionry+GXAdd.swift"; sourceTree = "<group>"; };
		33A5AF35255EEC5C00AEAF87 /* String+GXAdd.swift */ = {isa = PBXFileReference; fileEncoding = 4; lastKnownFileType = sourcecode.swift; path = "String+GXAdd.swift"; sourceTree = "<group>"; };
		33A5AF36255EEC5C00AEAF87 /* Date+GXAdd.swift */ = {isa = PBXFileReference; fileEncoding = 4; lastKnownFileType = sourcecode.swift; path = "Date+GXAdd.swift"; sourceTree = "<group>"; };
		33A5AF37255EEC5C00AEAF87 /* UIApplication+GXAdd.swift */ = {isa = PBXFileReference; fileEncoding = 4; lastKnownFileType = sourcecode.swift; path = "UIApplication+GXAdd.swift"; sourceTree = "<group>"; };
		33A5AF38255EEC5C00AEAF87 /* UIDevice+GXAdd.swift */ = {isa = PBXFileReference; fileEncoding = 4; lastKnownFileType = sourcecode.swift; path = "UIDevice+GXAdd.swift"; sourceTree = "<group>"; };
		33A5AF39255EEC5C00AEAF87 /* UIButton+GXAdd.swift */ = {isa = PBXFileReference; fileEncoding = 4; lastKnownFileType = sourcecode.swift; path = "UIButton+GXAdd.swift"; sourceTree = "<group>"; };
		33A5AF3A255EEC5C00AEAF87 /* UIView+GXAdd.swift */ = {isa = PBXFileReference; fileEncoding = 4; lastKnownFileType = sourcecode.swift; path = "UIView+GXAdd.swift"; sourceTree = "<group>"; };
		33A5AF3B255EEC5C00AEAF87 /* CALayer+GXAdd.swift */ = {isa = PBXFileReference; fileEncoding = 4; lastKnownFileType = sourcecode.swift; path = "CALayer+GXAdd.swift"; sourceTree = "<group>"; };
		33A5AF3C255EEC5C00AEAF87 /* NSObject+GXAdd.swift */ = {isa = PBXFileReference; fileEncoding = 4; lastKnownFileType = sourcecode.swift; path = "NSObject+GXAdd.swift"; sourceTree = "<group>"; };
		33A5AF3D255EEC5C00AEAF87 /* UIScrollView+GXAdd.swift */ = {isa = PBXFileReference; fileEncoding = 4; lastKnownFileType = sourcecode.swift; path = "UIScrollView+GXAdd.swift"; sourceTree = "<group>"; };
		33A5AF3E255EEC5C00AEAF87 /* Data+GXAdd.swift */ = {isa = PBXFileReference; fileEncoding = 4; lastKnownFileType = sourcecode.swift; path = "Data+GXAdd.swift"; sourceTree = "<group>"; };
		33A5AF3F255EEC5C00AEAF87 /* UIColor+GXAdd.swift */ = {isa = PBXFileReference; fileEncoding = 4; lastKnownFileType = sourcecode.swift; path = "UIColor+GXAdd.swift"; sourceTree = "<group>"; };
		9673BB3B27FFC7E700133372 /* Bundle+GXAdd.swift */ = {isa = PBXFileReference; lastKnownFileType = sourcecode.swift; path = "Bundle+GXAdd.swift"; sourceTree = "<group>"; };
		9673BB3D27FFC84400133372 /* DispatchQueue+GXAdd.swift */ = {isa = PBXFileReference; lastKnownFileType = sourcecode.swift; path = "DispatchQueue+GXAdd.swift"; sourceTree = "<group>"; };
		9673BB4227FFDC9200133372 /* en */ = {isa = PBXFileReference; lastKnownFileType = text.plist.strings; name = en; path = en.lproj/Localizable.strings; sourceTree = "<group>"; };
		9673BB4427FFDCA800133372 /* zh-Hans */ = {isa = PBXFileReference; lastKnownFileType = text.plist.strings; name = "zh-Hans"; path = "zh-Hans.lproj/Localizable.strings"; sourceTree = "<group>"; };
/* End PBXFileReference section */

/* Begin PBXFrameworksBuildPhase section */
		33A5AEF6255EEC4C00AEAF87 /* Frameworks */ = {
			isa = PBXFrameworksBuildPhase;
			buildActionMask = 2147483647;
			files = (
			);
			runOnlyForDeploymentPostprocessing = 0;
		};
		33A5AF0C255EEC4D00AEAF87 /* Frameworks */ = {
			isa = PBXFrameworksBuildPhase;
			buildActionMask = 2147483647;
			files = (
			);
			runOnlyForDeploymentPostprocessing = 0;
		};
		33A5AF17255EEC4D00AEAF87 /* Frameworks */ = {
			isa = PBXFrameworksBuildPhase;
			buildActionMask = 2147483647;
			files = (
			);
			runOnlyForDeploymentPostprocessing = 0;
		};
/* End PBXFrameworksBuildPhase section */

/* Begin PBXGroup section */
		33A5AEF0255EEC4C00AEAF87 = {
			isa = PBXGroup;
			children = (
				33A5AEFB255EEC4C00AEAF87 /* GXCategoriesSample */,
				33A5AF12255EEC4D00AEAF87 /* GXCategoriesSampleTests */,
				33A5AF1D255EEC4D00AEAF87 /* GXCategoriesSampleUITests */,
				33A5AEFA255EEC4C00AEAF87 /* Products */,
			);
			sourceTree = "<group>";
		};
		33A5AEFA255EEC4C00AEAF87 /* Products */ = {
			isa = PBXGroup;
			children = (
				33A5AEF9255EEC4C00AEAF87 /* GXCategoriesSample.app */,
				33A5AF0F255EEC4D00AEAF87 /* GXCategoriesSampleTests.xctest */,
				33A5AF1A255EEC4D00AEAF87 /* GXCategoriesSampleUITests.xctest */,
			);
			name = Products;
			sourceTree = "<group>";
		};
		33A5AEFB255EEC4C00AEAF87 /* GXCategoriesSample */ = {
			isa = PBXGroup;
			children = (
				33A5AF2F255EEC5C00AEAF87 /* GXCategories */,
				33A5AEFC255EEC4C00AEAF87 /* AppDelegate.swift */,
				33A5AEFE255EEC4C00AEAF87 /* SceneDelegate.swift */,
				33A5AF00255EEC4C00AEAF87 /* ViewController.swift */,
				9673BB4327FFDC9200133372 /* Localizable.strings */,
				33A5AF02255EEC4C00AEAF87 /* Main.storyboard */,
				33A5AF05255EEC4C00AEAF87 /* Assets.xcassets */,
				33A5AF07255EEC4C00AEAF87 /* LaunchScreen.storyboard */,
				33A5AF0A255EEC4C00AEAF87 /* Info.plist */,
			);
			path = GXCategoriesSample;
			sourceTree = "<group>";
		};
		33A5AF12255EEC4D00AEAF87 /* GXCategoriesSampleTests */ = {
			isa = PBXGroup;
			children = (
				33A5AF13255EEC4D00AEAF87 /* GXCategoriesSampleTests.swift */,
				33A5AF15255EEC4D00AEAF87 /* Info.plist */,
			);
			path = GXCategoriesSampleTests;
			sourceTree = "<group>";
		};
		33A5AF1D255EEC4D00AEAF87 /* GXCategoriesSampleUITests */ = {
			isa = PBXGroup;
			children = (
				33A5AF1E255EEC4D00AEAF87 /* GXCategoriesSampleUITests.swift */,
				33A5AF20255EEC4D00AEAF87 /* Info.plist */,
			);
			path = GXCategoriesSampleUITests;
			sourceTree = "<group>";
		};
		33A5AF2F255EEC5C00AEAF87 /* GXCategories */ = {
			isa = PBXGroup;
			children = (
				33A5AF36255EEC5C00AEAF87 /* Date+GXAdd.swift */,
				33A5AF3E255EEC5C00AEAF87 /* Data+GXAdd.swift */,
				33A5AF35255EEC5C00AEAF87 /* String+GXAdd.swift */,
				33A5AF32255EEC5C00AEAF87 /* UIImage+GXAdd.swift */,
				33A5AF3F255EEC5C00AEAF87 /* UIColor+GXAdd.swift */,
				33A5AF30255EEC5C00AEAF87 /* Array+GXAdd.swift */,
				33A5AF34255EEC5C00AEAF87 /* Dictionry+GXAdd.swift */,
				33A5AF3C255EEC5C00AEAF87 /* NSObject+GXAdd.swift */,
				33A5AF3B255EEC5C00AEAF87 /* CALayer+GXAdd.swift */,
				33A5AF3A255EEC5C00AEAF87 /* UIView+GXAdd.swift */,
				33A5AF39255EEC5C00AEAF87 /* UIButton+GXAdd.swift */,
				33A5AF38255EEC5C00AEAF87 /* UIDevice+GXAdd.swift */,
				33A5AF37255EEC5C00AEAF87 /* UIApplication+GXAdd.swift */,
				33A5AF3D255EEC5C00AEAF87 /* UIScrollView+GXAdd.swift */,
				33A5AF33255EEC5C00AEAF87 /* UITableView+GXAdd.swift */,
				33A5AF31255EEC5C00AEAF87 /* UIViewController+GXAdd.swift */,
				9673BB3D27FFC84400133372 /* DispatchQueue+GXAdd.swift */,
				9673BB3B27FFC7E700133372 /* Bundle+GXAdd.swift */,
			);
			name = GXCategories;
			path = ../../GXCategories;
			sourceTree = "<group>";
		};
/* End PBXGroup section */

/* Begin PBXNativeTarget section */
		33A5AEF8255EEC4C00AEAF87 /* GXCategoriesSample */ = {
			isa = PBXNativeTarget;
			buildConfigurationList = 33A5AF23255EEC4D00AEAF87 /* Build configuration list for PBXNativeTarget "GXCategoriesSample" */;
			buildPhases = (
				33A5AEF5255EEC4C00AEAF87 /* Sources */,
				33A5AEF6255EEC4C00AEAF87 /* Frameworks */,
				33A5AEF7255EEC4C00AEAF87 /* Resources */,
			);
			buildRules = (
			);
			dependencies = (
			);
			name = GXCategoriesSample;
			productName = GXCategoriesSample;
			productReference = 33A5AEF9255EEC4C00AEAF87 /* GXCategoriesSample.app */;
			productType = "com.apple.product-type.application";
		};
		33A5AF0E255EEC4D00AEAF87 /* GXCategoriesSampleTests */ = {
			isa = PBXNativeTarget;
			buildConfigurationList = 33A5AF26255EEC4D00AEAF87 /* Build configuration list for PBXNativeTarget "GXCategoriesSampleTests" */;
			buildPhases = (
				33A5AF0B255EEC4D00AEAF87 /* Sources */,
				33A5AF0C255EEC4D00AEAF87 /* Frameworks */,
				33A5AF0D255EEC4D00AEAF87 /* Resources */,
			);
			buildRules = (
			);
			dependencies = (
				33A5AF11255EEC4D00AEAF87 /* PBXTargetDependency */,
			);
			name = GXCategoriesSampleTests;
			productName = GXCategoriesSampleTests;
			productReference = 33A5AF0F255EEC4D00AEAF87 /* GXCategoriesSampleTests.xctest */;
			productType = "com.apple.product-type.bundle.unit-test";
		};
		33A5AF19255EEC4D00AEAF87 /* GXCategoriesSampleUITests */ = {
			isa = PBXNativeTarget;
			buildConfigurationList = 33A5AF29255EEC4D00AEAF87 /* Build configuration list for PBXNativeTarget "GXCategoriesSampleUITests" */;
			buildPhases = (
				33A5AF16255EEC4D00AEAF87 /* Sources */,
				33A5AF17255EEC4D00AEAF87 /* Frameworks */,
				33A5AF18255EEC4D00AEAF87 /* Resources */,
			);
			buildRules = (
			);
			dependencies = (
				33A5AF1C255EEC4D00AEAF87 /* PBXTargetDependency */,
			);
			name = GXCategoriesSampleUITests;
			productName = GXCategoriesSampleUITests;
			productReference = 33A5AF1A255EEC4D00AEAF87 /* GXCategoriesSampleUITests.xctest */;
			productType = "com.apple.product-type.bundle.ui-testing";
		};
/* End PBXNativeTarget section */

/* Begin PBXProject section */
		33A5AEF1255EEC4C00AEAF87 /* Project object */ = {
			isa = PBXProject;
			attributes = {
				LastSwiftUpdateCheck = 1210;
				LastUpgradeCheck = 1210;
				TargetAttributes = {
					33A5AEF8255EEC4C00AEAF87 = {
						CreatedOnToolsVersion = 12.1;
					};
					33A5AF0E255EEC4D00AEAF87 = {
						CreatedOnToolsVersion = 12.1;
						TestTargetID = 33A5AEF8255EEC4C00AEAF87;
					};
					33A5AF19255EEC4D00AEAF87 = {
						CreatedOnToolsVersion = 12.1;
						TestTargetID = 33A5AEF8255EEC4C00AEAF87;
					};
				};
			};
			buildConfigurationList = 33A5AEF4255EEC4C00AEAF87 /* Build configuration list for PBXProject "GXCategoriesSample" */;
			compatibilityVersion = "Xcode 9.3";
			developmentRegion = en;
			hasScannedForEncodings = 0;
			knownRegions = (
				en,
				Base,
				"zh-Hans",
			);
			mainGroup = 33A5AEF0255EEC4C00AEAF87;
			productRefGroup = 33A5AEFA255EEC4C00AEAF87 /* Products */;
			projectDirPath = "";
			projectRoot = "";
			targets = (
				33A5AEF8255EEC4C00AEAF87 /* GXCategoriesSample */,
				33A5AF0E255EEC4D00AEAF87 /* GXCategoriesSampleTests */,
				33A5AF19255EEC4D00AEAF87 /* GXCategoriesSampleUITests */,
			);
		};
/* End PBXProject section */

/* Begin PBXResourcesBuildPhase section */
		33A5AEF7255EEC4C00AEAF87 /* Resources */ = {
			isa = PBXResourcesBuildPhase;
			buildActionMask = 2147483647;
			files = (
				33A5AF09255EEC4C00AEAF87 /* LaunchScreen.storyboard in Resources */,
				9673BB4127FFDC9200133372 /* Localizable.strings in Resources */,
				33A5AF06255EEC4C00AEAF87 /* Assets.xcassets in Resources */,
				33A5AF04255EEC4C00AEAF87 /* Main.storyboard in Resources */,
			);
			runOnlyForDeploymentPostprocessing = 0;
		};
		33A5AF0D255EEC4D00AEAF87 /* Resources */ = {
			isa = PBXResourcesBuildPhase;
			buildActionMask = 2147483647;
			files = (
			);
			runOnlyForDeploymentPostprocessing = 0;
		};
		33A5AF18255EEC4D00AEAF87 /* Resources */ = {
			isa = PBXResourcesBuildPhase;
			buildActionMask = 2147483647;
			files = (
			);
			runOnlyForDeploymentPostprocessing = 0;
		};
/* End PBXResourcesBuildPhase section */

/* Begin PBXSourcesBuildPhase section */
		33A5AEF5255EEC4C00AEAF87 /* Sources */ = {
			isa = PBXSourcesBuildPhase;
			buildActionMask = 2147483647;
			files = (
				33A5AF4E255EEC5C00AEAF87 /* Data+GXAdd.swift in Sources */,
				33A5AF46255EEC5C00AEAF87 /* Date+GXAdd.swift in Sources */,
				33A5AF49255EEC5C00AEAF87 /* UIButton+GXAdd.swift in Sources */,
				9673BB3C27FFC7E700133372 /* Bundle+GXAdd.swift in Sources */,
				33A5AF44255EEC5C00AEAF87 /* Dictionry+GXAdd.swift in Sources */,
				33A5AF42255EEC5C00AEAF87 /* UIImage+GXAdd.swift in Sources */,
				33A5AF01255EEC4C00AEAF87 /* ViewController.swift in Sources */,
				33A5AEFD255EEC4C00AEAF87 /* AppDelegate.swift in Sources */,
				9673BB3E27FFC84400133372 /* DispatchQueue+GXAdd.swift in Sources */,
				33A5AF40255EEC5C00AEAF87 /* Array+GXAdd.swift in Sources */,
				33A5AF41255EEC5C00AEAF87 /* UIViewController+GXAdd.swift in Sources */,
				33A5AF43255EEC5C00AEAF87 /* UITableView+GXAdd.swift in Sources */,
				33A5AF4F255EEC5C00AEAF87 /* UIColor+GXAdd.swift in Sources */,
				33A5AF4A255EEC5C00AEAF87 /* UIView+GXAdd.swift in Sources */,
				33A5AF4D255EEC5C00AEAF87 /* UIScrollView+GXAdd.swift in Sources */,
				33A5AF4C255EEC5C00AEAF87 /* NSObject+GXAdd.swift in Sources */,
				33A5AF48255EEC5C00AEAF87 /* UIDevice+GXAdd.swift in Sources */,
				33A5AF47255EEC5C00AEAF87 /* UIApplication+GXAdd.swift in Sources */,
				33A5AEFF255EEC4C00AEAF87 /* SceneDelegate.swift in Sources */,
				33A5AF4B255EEC5C00AEAF87 /* CALayer+GXAdd.swift in Sources */,
				33A5AF45255EEC5C00AEAF87 /* String+GXAdd.swift in Sources */,
			);
			runOnlyForDeploymentPostprocessing = 0;
		};
		33A5AF0B255EEC4D00AEAF87 /* Sources */ = {
			isa = PBXSourcesBuildPhase;
			buildActionMask = 2147483647;
			files = (
				33A5AF14255EEC4D00AEAF87 /* GXCategoriesSampleTests.swift in Sources */,
			);
			runOnlyForDeploymentPostprocessing = 0;
		};
		33A5AF16255EEC4D00AEAF87 /* Sources */ = {
			isa = PBXSourcesBuildPhase;
			buildActionMask = 2147483647;
			files = (
				33A5AF1F255EEC4D00AEAF87 /* GXCategoriesSampleUITests.swift in Sources */,
			);
			runOnlyForDeploymentPostprocessing = 0;
		};
/* End PBXSourcesBuildPhase section */

/* Begin PBXTargetDependency section */
		33A5AF11255EEC4D00AEAF87 /* PBXTargetDependency */ = {
			isa = PBXTargetDependency;
			target = 33A5AEF8255EEC4C00AEAF87 /* GXCategoriesSample */;
			targetProxy = 33A5AF10255EEC4D00AEAF87 /* PBXContainerItemProxy */;
		};
		33A5AF1C255EEC4D00AEAF87 /* PBXTargetDependency */ = {
			isa = PBXTargetDependency;
			target = 33A5AEF8255EEC4C00AEAF87 /* GXCategoriesSample */;
			targetProxy = 33A5AF1B255EEC4D00AEAF87 /* PBXContainerItemProxy */;
		};
/* End PBXTargetDependency section */

/* Begin PBXVariantGroup section */
		33A5AF02255EEC4C00AEAF87 /* Main.storyboard */ = {
			isa = PBXVariantGroup;
			children = (
				33A5AF03255EEC4C00AEAF87 /* Base */,
			);
			name = Main.storyboard;
			sourceTree = "<group>";
		};
		33A5AF07255EEC4C00AEAF87 /* LaunchScreen.storyboard */ = {
			isa = PBXVariantGroup;
			children = (
				33A5AF08255EEC4C00AEAF87 /* Base */,
			);
			name = LaunchScreen.storyboard;
			sourceTree = "<group>";
		};
		9673BB4327FFDC9200133372 /* Localizable.strings */ = {
			isa = PBXVariantGroup;
			children = (
				9673BB4227FFDC9200133372 /* en */,
				9673BB4427FFDCA800133372 /* zh-Hans */,
			);
			name = Localizable.strings;
			sourceTree = "<group>";
		};
/* End PBXVariantGroup section */

/* Begin XCBuildConfiguration section */
		33A5AF21255EEC4D00AEAF87 /* Debug */ = {
			isa = XCBuildConfiguration;
			buildSettings = {
				ALWAYS_SEARCH_USER_PATHS = NO;
				CLANG_ANALYZER_LOCALIZABILITY_NONLOCALIZED = YES;
				CLANG_ANALYZER_NONNULL = YES;
				CLANG_ANALYZER_NUMBER_OBJECT_CONVERSION = YES_AGGRESSIVE;
				CLANG_CXX_LANGUAGE_STANDARD = "gnu++14";
				CLANG_CXX_LIBRARY = "libc++";
				CLANG_ENABLE_MODULES = YES;
				CLANG_ENABLE_OBJC_ARC = YES;
				CLANG_ENABLE_OBJC_WEAK = YES;
				CLANG_WARN_BLOCK_CAPTURE_AUTORELEASING = YES;
				CLANG_WARN_BOOL_CONVERSION = YES;
				CLANG_WARN_COMMA = YES;
				CLANG_WARN_CONSTANT_CONVERSION = YES;
				CLANG_WARN_DEPRECATED_OBJC_IMPLEMENTATIONS = YES;
				CLANG_WARN_DIRECT_OBJC_ISA_USAGE = YES_ERROR;
				CLANG_WARN_DOCUMENTATION_COMMENTS = YES;
				CLANG_WARN_EMPTY_BODY = YES;
				CLANG_WARN_ENUM_CONVERSION = YES;
				CLANG_WARN_INFINITE_RECURSION = YES;
				CLANG_WARN_INT_CONVERSION = YES;
				CLANG_WARN_NON_LITERAL_NULL_CONVERSION = YES;
				CLANG_WARN_OBJC_IMPLICIT_RETAIN_SELF = YES;
				CLANG_WARN_OBJC_LITERAL_CONVERSION = YES;
				CLANG_WARN_OBJC_ROOT_CLASS = YES_ERROR;
				CLANG_WARN_QUOTED_INCLUDE_IN_FRAMEWORK_HEADER = YES;
				CLANG_WARN_RANGE_LOOP_ANALYSIS = YES;
				CLANG_WARN_STRICT_PROTOTYPES = YES;
				CLANG_WARN_SUSPICIOUS_MOVE = YES;
				CLANG_WARN_UNGUARDED_AVAILABILITY = YES_AGGRESSIVE;
				CLANG_WARN_UNREACHABLE_CODE = YES;
				CLANG_WARN__DUPLICATE_METHOD_MATCH = YES;
				COPY_PHASE_STRIP = NO;
				DEBUG_INFORMATION_FORMAT = dwarf;
				ENABLE_STRICT_OBJC_MSGSEND = YES;
				ENABLE_TESTABILITY = YES;
				GCC_C_LANGUAGE_STANDARD = gnu11;
				GCC_DYNAMIC_NO_PIC = NO;
				GCC_NO_COMMON_BLOCKS = YES;
				GCC_OPTIMIZATION_LEVEL = 0;
				GCC_PREPROCESSOR_DEFINITIONS = (
					"DEBUG=1",
					"$(inherited)",
				);
				GCC_WARN_64_TO_32_BIT_CONVERSION = YES;
				GCC_WARN_ABOUT_RETURN_TYPE = YES_ERROR;
				GCC_WARN_UNDECLARED_SELECTOR = YES;
				GCC_WARN_UNINITIALIZED_AUTOS = YES_AGGRESSIVE;
				GCC_WARN_UNUSED_FUNCTION = YES;
				GCC_WARN_UNUSED_VARIABLE = YES;
				IPHONEOS_DEPLOYMENT_TARGET = 14.1;
				MTL_ENABLE_DEBUG_INFO = INCLUDE_SOURCE;
				MTL_FAST_MATH = YES;
				ONLY_ACTIVE_ARCH = YES;
				SDKROOT = iphoneos;
				SWIFT_ACTIVE_COMPILATION_CONDITIONS = DEBUG;
				SWIFT_OPTIMIZATION_LEVEL = "-Onone";
			};
			name = Debug;
		};
		33A5AF22255EEC4D00AEAF87 /* Release */ = {
			isa = XCBuildConfiguration;
			buildSettings = {
				ALWAYS_SEARCH_USER_PATHS = NO;
				CLANG_ANALYZER_LOCALIZABILITY_NONLOCALIZED = YES;
				CLANG_ANALYZER_NONNULL = YES;
				CLANG_ANALYZER_NUMBER_OBJECT_CONVERSION = YES_AGGRESSIVE;
				CLANG_CXX_LANGUAGE_STANDARD = "gnu++14";
				CLANG_CXX_LIBRARY = "libc++";
				CLANG_ENABLE_MODULES = YES;
				CLANG_ENABLE_OBJC_ARC = YES;
				CLANG_ENABLE_OBJC_WEAK = YES;
				CLANG_WARN_BLOCK_CAPTURE_AUTORELEASING = YES;
				CLANG_WARN_BOOL_CONVERSION = YES;
				CLANG_WARN_COMMA = YES;
				CLANG_WARN_CONSTANT_CONVERSION = YES;
				CLANG_WARN_DEPRECATED_OBJC_IMPLEMENTATIONS = YES;
				CLANG_WARN_DIRECT_OBJC_ISA_USAGE = YES_ERROR;
				CLANG_WARN_DOCUMENTATION_COMMENTS = YES;
				CLANG_WARN_EMPTY_BODY = YES;
				CLANG_WARN_ENUM_CONVERSION = YES;
				CLANG_WARN_INFINITE_RECURSION = YES;
				CLANG_WARN_INT_CONVERSION = YES;
				CLANG_WARN_NON_LITERAL_NULL_CONVERSION = YES;
				CLANG_WARN_OBJC_IMPLICIT_RETAIN_SELF = YES;
				CLANG_WARN_OBJC_LITERAL_CONVERSION = YES;
				CLANG_WARN_OBJC_ROOT_CLASS = YES_ERROR;
				CLANG_WARN_QUOTED_INCLUDE_IN_FRAMEWORK_HEADER = YES;
				CLANG_WARN_RANGE_LOOP_ANALYSIS = YES;
				CLANG_WARN_STRICT_PROTOTYPES = YES;
				CLANG_WARN_SUSPICIOUS_MOVE = YES;
				CLANG_WARN_UNGUARDED_AVAILABILITY = YES_AGGRESSIVE;
				CLANG_WARN_UNREACHABLE_CODE = YES;
				CLANG_WARN__DUPLICATE_METHOD_MATCH = YES;
				COPY_PHASE_STRIP = NO;
				DEBUG_INFORMATION_FORMAT = "dwarf-with-dsym";
				ENABLE_NS_ASSERTIONS = NO;
				ENABLE_STRICT_OBJC_MSGSEND = YES;
				GCC_C_LANGUAGE_STANDARD = gnu11;
				GCC_NO_COMMON_BLOCKS = YES;
				GCC_WARN_64_TO_32_BIT_CONVERSION = YES;
				GCC_WARN_ABOUT_RETURN_TYPE = YES_ERROR;
				GCC_WARN_UNDECLARED_SELECTOR = YES;
				GCC_WARN_UNINITIALIZED_AUTOS = YES_AGGRESSIVE;
				GCC_WARN_UNUSED_FUNCTION = YES;
				GCC_WARN_UNUSED_VARIABLE = YES;
				IPHONEOS_DEPLOYMENT_TARGET = 14.1;
				MTL_ENABLE_DEBUG_INFO = NO;
				MTL_FAST_MATH = YES;
				SDKROOT = iphoneos;
				SWIFT_COMPILATION_MODE = wholemodule;
				SWIFT_OPTIMIZATION_LEVEL = "-O";
				VALIDATE_PRODUCT = YES;
			};
			name = Release;
		};
		33A5AF24255EEC4D00AEAF87 /* Debug */ = {
			isa = XCBuildConfiguration;
			buildSettings = {
				ASSETCATALOG_COMPILER_APPICON_NAME = AppIcon;
				ASSETCATALOG_COMPILER_GLOBAL_ACCENT_COLOR_NAME = AccentColor;
				CODE_SIGN_STYLE = Automatic;
				DEVELOPMENT_TEAM = 456X827366;
				INFOPLIST_FILE = GXCategoriesSample/Info.plist;
				IPHONEOS_DEPLOYMENT_TARGET = 13.0;
				LD_RUNPATH_SEARCH_PATHS = (
					"$(inherited)",
					"@executable_path/Frameworks",
				);
				PRODUCT_BUNDLE_IDENTIFIER = com.xsg.GXCategoriesSample;
				PRODUCT_NAME = "$(TARGET_NAME)";
				SWIFT_VERSION = 5.0;
				TARGETED_DEVICE_FAMILY = "1,2";
			};
			name = Debug;
		};
		33A5AF25255EEC4D00AEAF87 /* Release */ = {
			isa = XCBuildConfiguration;
			buildSettings = {
				ASSETCATALOG_COMPILER_APPICON_NAME = AppIcon;
				ASSETCATALOG_COMPILER_GLOBAL_ACCENT_COLOR_NAME = AccentColor;
				CODE_SIGN_STYLE = Manual;
				DEVELOPMENT_TEAM = "";
				INFOPLIST_FILE = GXCategoriesSample/Info.plist;
				IPHONEOS_DEPLOYMENT_TARGET = 13.0;
				LD_RUNPATH_SEARCH_PATHS = (
					"$(inherited)",
					"@executable_path/Frameworks",
				);
				PRODUCT_BUNDLE_IDENTIFIER = com.gin.GXCategoriesSample;
				PRODUCT_NAME = "$(TARGET_NAME)";
				PROVISIONING_PROFILE_SPECIFIER = "";
				SWIFT_VERSION = 5.0;
				TARGETED_DEVICE_FAMILY = "1,2";
			};
			name = Release;
		};
		33A5AF27255EEC4D00AEAF87 /* Debug */ = {
			isa = XCBuildConfiguration;
			buildSettings = {
				ALWAYS_EMBED_SWIFT_STANDARD_LIBRARIES = YES;
				BUNDLE_LOADER = "$(TEST_HOST)";
				CODE_SIGN_STYLE = Automatic;
				DEVELOPMENT_TEAM = L54KZN9KMH;
				INFOPLIST_FILE = GXCategoriesSampleTests/Info.plist;
				IPHONEOS_DEPLOYMENT_TARGET = 14.1;
				LD_RUNPATH_SEARCH_PATHS = (
					"$(inherited)",
					"@executable_path/Frameworks",
					"@loader_path/Frameworks",
				);
				PRODUCT_BUNDLE_IDENTIFIER = com.gin.GXCategoriesSampleTests;
				PRODUCT_NAME = "$(TARGET_NAME)";
				SWIFT_VERSION = 5.0;
				TARGETED_DEVICE_FAMILY = "1,2";
				TEST_HOST = "$(BUILT_PRODUCTS_DIR)/GXCategoriesSample.app/GXCategoriesSample";
			};
			name = Debug;
		};
		33A5AF28255EEC4D00AEAF87 /* Release */ = {
			isa = XCBuildConfiguration;
			buildSettings = {
				ALWAYS_EMBED_SWIFT_STANDARD_LIBRARIES = YES;
				BUNDLE_LOADER = "$(TEST_HOST)";
				CODE_SIGN_STYLE = Automatic;
				DEVELOPMENT_TEAM = L54KZN9KMH;
				INFOPLIST_FILE = GXCategoriesSampleTests/Info.plist;
				IPHONEOS_DEPLOYMENT_TARGET = 14.1;
				LD_RUNPATH_SEARCH_PATHS = (
					"$(inherited)",
					"@executable_path/Frameworks",
					"@loader_path/Frameworks",
				);
				PRODUCT_BUNDLE_IDENTIFIER = com.gin.GXCategoriesSampleTests;
				PRODUCT_NAME = "$(TARGET_NAME)";
				SWIFT_VERSION = 5.0;
				TARGETED_DEVICE_FAMILY = "1,2";
				TEST_HOST = "$(BUILT_PRODUCTS_DIR)/GXCategoriesSample.app/GXCategoriesSample";
			};
			name = Release;
		};
		33A5AF2A255EEC4D00AEAF87 /* Debug */ = {
			isa = XCBuildConfiguration;
			buildSettings = {
				ALWAYS_EMBED_SWIFT_STANDARD_LIBRARIES = YES;
				CODE_SIGN_STYLE = Automatic;
				DEVELOPMENT_TEAM = L54KZN9KMH;
				INFOPLIST_FILE = GXCategoriesSampleUITests/Info.plist;
				LD_RUNPATH_SEARCH_PATHS = (
					"$(inherited)",
					"@executable_path/Frameworks",
					"@loader_path/Frameworks",
				);
				PRODUCT_BUNDLE_IDENTIFIER = com.gin.GXCategoriesSampleUITests;
				PRODUCT_NAME = "$(TARGET_NAME)";
				SWIFT_VERSION = 5.0;
				TARGETED_DEVICE_FAMILY = "1,2";
				TEST_TARGET_NAME = GXCategoriesSample;
			};
			name = Debug;
		};
		33A5AF2B255EEC4D00AEAF87 /* Release */ = {
			isa = XCBuildConfiguration;
			buildSettings = {
				ALWAYS_EMBED_SWIFT_STANDARD_LIBRARIES = YES;
				CODE_SIGN_STYLE = Automatic;
				DEVELOPMENT_TEAM = L54KZN9KMH;
				INFOPLIST_FILE = GXCategoriesSampleUITests/Info.plist;
				LD_RUNPATH_SEARCH_PATHS = (
					"$(inherited)",
					"@executable_path/Frameworks",
					"@loader_path/Frameworks",
				);
				PRODUCT_BUNDLE_IDENTIFIER = com.gin.GXCategoriesSampleUITests;
				PRODUCT_NAME = "$(TARGET_NAME)";
				SWIFT_VERSION = 5.0;
				TARGETED_DEVICE_FAMILY = "1,2";
				TEST_TARGET_NAME = GXCategoriesSample;
			};
			name = Release;
		};
/* End XCBuildConfiguration section */

/* Begin XCConfigurationList section */
		33A5AEF4255EEC4C00AEAF87 /* Build configuration list for PBXProject "GXCategoriesSample" */ = {
			isa = XCConfigurationList;
			buildConfigurations = (
				33A5AF21255EEC4D00AEAF87 /* Debug */,
				33A5AF22255EEC4D00AEAF87 /* Release */,
			);
			defaultConfigurationIsVisible = 0;
			defaultConfigurationName = Release;
		};
		33A5AF23255EEC4D00AEAF87 /* Build configuration list for PBXNativeTarget "GXCategoriesSample" */ = {
			isa = XCConfigurationList;
			buildConfigurations = (
				33A5AF24255EEC4D00AEAF87 /* Debug */,
				33A5AF25255EEC4D00AEAF87 /* Release */,
			);
			defaultConfigurationIsVisible = 0;
			defaultConfigurationName = Release;
		};
		33A5AF26255EEC4D00AEAF87 /* Build configuration list for PBXNativeTarget "GXCategoriesSampleTests" */ = {
			isa = XCConfigurationList;
			buildConfigurations = (
				33A5AF27255EEC4D00AEAF87 /* Debug */,
				33A5AF28255EEC4D00AEAF87 /* Release */,
			);
			defaultConfigurationIsVisible = 0;
			defaultConfigurationName = Release;
		};
		33A5AF29255EEC4D00AEAF87 /* Build configuration list for PBXNativeTarget "GXCategoriesSampleUITests" */ = {
			isa = XCConfigurationList;
			buildConfigurations = (
				33A5AF2A255EEC4D00AEAF87 /* Debug */,
				33A5AF2B255EEC4D00AEAF87 /* Release */,
			);
			defaultConfigurationIsVisible = 0;
			defaultConfigurationName = Release;
		};
/* End XCConfigurationList section */
	};
	rootObject = 33A5AEF1255EEC4C00AEAF87 /* Project object */;
}
